
Microsoft Visual Studio Solution File, Format Version 12.00
# Visual Studio Version 17
VisualStudioVersion = 17.6.33829.357
MinimumVisualStudioVersion = 10.0.40219.1
Project("{9A19103F-16F7-4668-BE54-9A1E7A4F7556}") = "WSConvertisseur", "WSConvertisseur\WSConvertisseur.csproj", "{6DC1EEB1-2B45-4A9E-B0BC-6A6AB416FA41}"
EndProject
Project("{FAE04EC0-301F-11D3-BF4B-00C04F79EFBC}") = "WSConvertisseurTests", "WSConvertisseurTests\WSConvertisseurTests.csproj", "{8650B7C7-443C-4BCB-9928-4CC86DB46051}"
EndProject
Global
	GlobalSection(SolutionConfigurationPlatforms) = preSolution
		Debug|Any CPU = Debug|Any CPU
		Release|Any CPU = Release|Any CPU
	EndGlobalSection
	GlobalSection(ProjectConfigurationPlatforms) = postSolution
		{6DC1EEB1-2B45-4A9E-B0BC-6A6AB416FA41}.Debug|Any CPU.ActiveCfg = Debug|Any CPU
		{6DC1EEB1-2B45-4A9E-B0BC-6A6AB416FA41}.Debug|Any CPU.Build.0 = Debug|Any CPU
		{6DC1EEB1-2B45-4A9E-B0BC-6A6AB416FA41}.Release|Any CPU.ActiveCfg = Release|Any CPU
		{6DC1EEB1-2B45-4A9E-B0BC-6A6AB416FA41}.Release|Any CPU.Build.0 = Release|Any CPU
		{8650B7C7-443C-4BCB-9928-4CC86DB46051}.Debug|Any CPU.ActiveCfg = Debug|Any CPU
		{8650B7C7-443C-4BCB-9928-4CC86DB46051}.Debug|Any CPU.Build.0 = Debug|Any CPU
		{8650B7C7-443C-4BCB-9928-4CC86DB46051}.Release|Any CPU.ActiveCfg = Release|Any CPU
		{8650B7C7-443C-4BCB-9928-4CC86DB46051}.Release|Any CPU.Build.0 = Release|Any CPU
	EndGlobalSection
	GlobalSection(SolutionProperties) = preSolution
		HideSolutionNode = FALSE
	EndGlobalSection
	GlobalSection(ExtensibilityGlobals) = postSolution
		SolutionGuid = {35210141-DD49-43B8-B62E-ABA5999FF5A9}
	EndGlobalSection
EndGlobal
